
Microsoft Visual Studio Solution File, Format Version 12.00
# Visual Studio Version 17
VisualStudioVersion = 17.5.002.0
MinimumVisualStudioVersion = 10.0.40219.1
Project("{9A19103F-16F7-4668-BE54-9A1E7A4F7556}") = "Pikmin2", "Pikmin2.csproj", "{F4756786-32A1-42FF-A8F9-5A4E784ED871}"
EndProject
Global
	GlobalSection(SolutionConfigurationPlatforms) = preSolution
		Debug|Any CPU = Debug|Any CPU
		Release|Any CPU = Release|Any CPU
	EndGlobalSection
	GlobalSection(ProjectConfigurationPlatforms) = postSolution
		{F4756786-32A1-42FF-A8F9-5A4E784ED871}.Debug|Any CPU.ActiveCfg = Debug|Any CPU
		{F4756786-32A1-42FF-A8F9-5A4E784ED871}.Debug|Any CPU.Build.0 = Debug|Any CPU
		{F4756786-32A1-42FF-A8F9-5A4E784ED871}.Release|Any CPU.ActiveCfg = Release|Any CPU
		{F4756786-32A1-42FF-A8F9-5A4E784ED871}.Release|Any CPU.Build.0 = Release|Any CPU
	EndGlobalSection
	GlobalSection(SolutionProperties) = preSolution
		HideSolutionNode = FALSE
	EndGlobalSection
	GlobalSection(ExtensibilityGlobals) = postSolution
		SolutionGuid = {D3F6BE8F-39C1-4FA9-AEA3-0AE12B3A39AF}
	EndGlobalSection
EndGlobal
